{
  "name": "pod-lark-minutes",
  "version": "0.2.0",
  "lockfileVersion": 3,
  "requires": true,
  "packages": {
    "": {
      "name": "pod-lark-minutes",
      "version": "0.2.0",
      "license": "MIT",
      "bin": {
        "pod-lark-minutes": "bin/pod-lark-minutes.js"
      },
      "engines": {
        "node": ">=20"
      }
    }
  }
}
